set_global_assignment -name FAMILY "Cyclone V"
set_global_assignment -name DEVICE 5CSEBA6U23I7
set_global_assignment -name TOP_LEVEL_ENTITY adsp2100_compute_pm_native_slice
set_global_assignment -name PROJECT_OUTPUT_DIRECTORY ../../build/quartus_compute_pm_native
set_global_assignment -name SYSTEMVERILOG_FILE ../../rtl/packages/adsp2100_pkg.sv
set_global_assignment -name SYSTEMVERILOG_FILE ../../rtl/packages/adsp2100_register_pkg.sv
set_global_assignment -name SYSTEMVERILOG_FILE ../../rtl/core/adsp2100_compute_pm_decode.sv
set_global_assignment -name SYSTEMVERILOG_FILE ../../rtl/core/adsp2100_compute_dm_decode.sv
set_global_assignment -name SYSTEMVERILOG_FILE ../../rtl/core/adsp2100_mr_saturate.sv
set_global_assignment -name SYSTEMVERILOG_FILE ../../rtl/core/adsp2100_alu.sv
set_global_assignment -name SYSTEMVERILOG_FILE ../../rtl/core/adsp2100_mac.sv
set_global_assignment -name SYSTEMVERILOG_FILE ../../rtl/core/adsp2100_dag.sv
set_global_assignment -name SYSTEMVERILOG_FILE ../../rtl/core/adsp2100_dag_register_file.sv
set_global_assignment -name SYSTEMVERILOG_FILE ../../rtl/core/adsp2100_register_file.sv
set_global_assignment -name SYSTEMVERILOG_FILE ../../rtl/core/adsp2100_status_registers.sv
set_global_assignment -name SYSTEMVERILOG_FILE ../../rtl/core/adsp2100_instruction_cache.sv
set_global_assignment -name SYSTEMVERILOG_FILE ../../rtl/core/adsp2100_compute_dm_slice.sv
set_global_assignment -name SYSTEMVERILOG_FILE ../../rtl/core/adsp2100_compute_pm_slice.sv
set_global_assignment -name SYSTEMVERILOG_FILE ../../rtl/core/adsp2100_compute_pm_cache_slice.sv
set_global_assignment -name SYSTEMVERILOG_FILE ../../rtl/core/adsp2100_program_bus.sv
set_global_assignment -name SYSTEMVERILOG_FILE ../../rtl/core/adsp2100_interrupt_control.sv
set_global_assignment -name SYSTEMVERILOG_FILE ../../rtl/core/adsp2100_compute_pm_native_slice.sv
set_global_assignment -name SDC_FILE compute_pm_native_smoke.sdc
set_global_assignment -name NUM_PARALLEL_PROCESSORS 4
set_global_assignment -name FITTER_EFFORT "STANDARD FIT"
set_location_assignment PIN_V11 -to clk_i
set_instance_assignment -name IO_STANDARD "3.3-V LVTTL" -to clk_i
set_instance_assignment -name VIRTUAL_PIN ON -to reset_i
set_instance_assignment -name VIRTUAL_PIN ON -to phase_i[*]
set_instance_assignment -name VIRTUAL_PIN ON -to phase_advance_i
set_instance_assignment -name VIRTUAL_PIN ON -to bus_relinquished_i
set_instance_assignment -name VIRTUAL_PIN ON -to execute_i
set_instance_assignment -name VIRTUAL_PIN ON -to opcode_i[*]
set_instance_assignment -name VIRTUAL_PIN ON -to pmd_read_data_i[*]
set_instance_assignment -name VIRTUAL_PIN ON -to pmd_read_data_valid_i
set_instance_assignment -name VIRTUAL_PIN ON -to next_fetch_address_i[*]
set_instance_assignment -name VIRTUAL_PIN ON -to next_fetch_address_valid_i
set_instance_assignment -name VIRTUAL_PIN ON -to force_instruction_fetch_i
set_instance_assignment -name VIRTUAL_PIN ON -to external_fetch_fill_i
set_instance_assignment -name VIRTUAL_PIN ON -to external_fetch_address_i[*]
set_instance_assignment -name VIRTUAL_PIN ON -to external_fetch_address_valid_i
set_instance_assignment -name VIRTUAL_PIN ON -to external_fetch_instruction_i[*]
set_instance_assignment -name VIRTUAL_PIN ON -to external_fetch_instruction_valid_i
set_instance_assignment -name VIRTUAL_PIN ON -to irq_n_i[*]
set_instance_assignment -name VIRTUAL_PIN ON -to icntl_i[*]
set_instance_assignment -name VIRTUAL_PIN ON -to icntl_valid_i
set_instance_assignment -name VIRTUAL_PIN ON -to imask_i[*]
set_instance_assignment -name VIRTUAL_PIN ON -to imask_valid_i
set_instance_assignment -name VIRTUAL_PIN ON -to astat_setup_write_i
set_instance_assignment -name VIRTUAL_PIN ON -to astat_setup_data_i[*]
set_instance_assignment -name VIRTUAL_PIN ON -to mstat_setup_write_i
set_instance_assignment -name VIRTUAL_PIN ON -to mstat_setup_data_i[*]
set_instance_assignment -name VIRTUAL_PIN ON -to dreg_setup_write_i
set_instance_assignment -name VIRTUAL_PIN ON -to dreg_setup_code_i[*]
set_instance_assignment -name VIRTUAL_PIN ON -to dreg_setup_data_i[*]
set_instance_assignment -name VIRTUAL_PIN ON -to af_setup_write_i
set_instance_assignment -name VIRTUAL_PIN ON -to af_setup_data_i[*]
set_instance_assignment -name VIRTUAL_PIN ON -to mf_setup_write_i
set_instance_assignment -name VIRTUAL_PIN ON -to mf_setup_data_i[*]
set_instance_assignment -name VIRTUAL_PIN ON -to dag_setup_write_i
set_instance_assignment -name VIRTUAL_PIN ON -to dag_setup_kind_i[*]
set_instance_assignment -name VIRTUAL_PIN ON -to dag_setup_address_i[*]
set_instance_assignment -name VIRTUAL_PIN ON -to dag_setup_data_i[*]
set_instance_assignment -name VIRTUAL_PIN ON -to px_setup_write_i
set_instance_assignment -name VIRTUAL_PIN ON -to px_setup_data_i[*]
set_instance_assignment -name VIRTUAL_PIN ON -to probe_dreg_code_i[*]
set_instance_assignment -name VIRTUAL_PIN ON -to probe_dag_address_i[*]
set_instance_assignment -name VIRTUAL_PIN ON -to "*_o"
set_global_assignment -name LAST_QUARTUS_VERSION "17.0.2 Lite Edition"
set_global_assignment -name SEED 9
