set_global_assignment -name FAMILY "Cyclone V"
set_global_assignment -name DEVICE 5CSEBA6U23I7
set_global_assignment -name TOP_LEVEL_ENTITY adsp2100_conditional_compute_slice
set_global_assignment -name PROJECT_OUTPUT_DIRECTORY ../../build/quartus_conditional_compute
set_global_assignment -name SYSTEMVERILOG_FILE ../../rtl/packages/adsp2100_register_pkg.sv
set_global_assignment -name SYSTEMVERILOG_FILE ../../rtl/core/adsp2100_condition_logic.sv
set_global_assignment -name SYSTEMVERILOG_FILE ../../rtl/core/adsp2100_conditional_compute_decode.sv
set_global_assignment -name SYSTEMVERILOG_FILE ../../rtl/core/adsp2100_alu.sv
set_global_assignment -name SYSTEMVERILOG_FILE ../../rtl/core/adsp2100_mr_saturate.sv
set_global_assignment -name SYSTEMVERILOG_FILE ../../rtl/core/adsp2100_mac.sv
set_global_assignment -name SYSTEMVERILOG_FILE ../../rtl/core/adsp2100_register_file.sv
set_global_assignment -name SYSTEMVERILOG_FILE ../../rtl/core/adsp2100_status_registers.sv
set_global_assignment -name SYSTEMVERILOG_FILE ../../rtl/core/adsp2100_conditional_compute_slice.sv
set_global_assignment -name SDC_FILE conditional_compute_smoke.sdc
set_global_assignment -name NUM_PARALLEL_PROCESSORS 4
set_global_assignment -name LAST_QUARTUS_VERSION "17.0.2 Lite Edition"
set_instance_assignment -name VIRTUAL_PIN ON -to reset_i
set_instance_assignment -name VIRTUAL_PIN ON -to execute_i
set_instance_assignment -name VIRTUAL_PIN ON -to opcode_i[*]
set_instance_assignment -name VIRTUAL_PIN ON -to not_counter_expired_i
set_instance_assignment -name VIRTUAL_PIN ON -to astat_setup_write_i
set_instance_assignment -name VIRTUAL_PIN ON -to astat_setup_data_i[*]
set_instance_assignment -name VIRTUAL_PIN ON -to mstat_setup_write_i
set_instance_assignment -name VIRTUAL_PIN ON -to mstat_setup_data_i[*]
set_instance_assignment -name VIRTUAL_PIN ON -to dreg_setup_write_i
set_instance_assignment -name VIRTUAL_PIN ON -to dreg_setup_code_i[*]
set_instance_assignment -name VIRTUAL_PIN ON -to dreg_setup_data_i[*]
set_instance_assignment -name VIRTUAL_PIN ON -to af_setup_write_i
set_instance_assignment -name VIRTUAL_PIN ON -to af_setup_data_i[*]
set_instance_assignment -name VIRTUAL_PIN ON -to mf_setup_write_i
set_instance_assignment -name VIRTUAL_PIN ON -to mf_setup_data_i[*]
set_instance_assignment -name VIRTUAL_PIN ON -to probe_code_i[*]
set_instance_assignment -name VIRTUAL_PIN ON -to class_valid_o
set_instance_assignment -name VIRTUAL_PIN ON -to action_valid_o
set_instance_assignment -name VIRTUAL_PIN ON -to unsupported_subencoding_o
set_instance_assignment -name VIRTUAL_PIN ON -to nop_action_o
set_instance_assignment -name VIRTUAL_PIN ON -to boundary_valid_o
set_instance_assignment -name VIRTUAL_PIN ON -to invalid_opcode_o
set_instance_assignment -name VIRTUAL_PIN ON -to integration_conflict_o
set_instance_assignment -name VIRTUAL_PIN ON -to internal_conflict_o
set_instance_assignment -name VIRTUAL_PIN ON -to condition_true_o
set_instance_assignment -name VIRTUAL_PIN ON -to is_mac_o
set_instance_assignment -name VIRTUAL_PIN ON -to is_alu_o
set_instance_assignment -name VIRTUAL_PIN ON -to destination_feedback_o
set_instance_assignment -name VIRTUAL_PIN ON -to amf_o[*]
set_instance_assignment -name VIRTUAL_PIN ON -to yop_o[*]
set_instance_assignment -name VIRTUAL_PIN ON -to xop_o[*]
set_instance_assignment -name VIRTUAL_PIN ON -to condition_o[*]
set_instance_assignment -name VIRTUAL_PIN ON -to x_source_dreg_o[*]
set_instance_assignment -name VIRTUAL_PIN ON -to y_source_dreg_o[*]
set_instance_assignment -name VIRTUAL_PIN ON -to x_source_data_o[*]
set_instance_assignment -name VIRTUAL_PIN ON -to y_source_data_o[*]
set_instance_assignment -name VIRTUAL_PIN ON -to alu_result_o[*]
set_instance_assignment -name VIRTUAL_PIN ON -to mac_result_o[*]
set_instance_assignment -name VIRTUAL_PIN ON -to alu_write_o
set_instance_assignment -name VIRTUAL_PIN ON -to mac_write_o
set_instance_assignment -name VIRTUAL_PIN ON -to alu_status_write_o
set_instance_assignment -name VIRTUAL_PIN ON -to mac_status_write_o
set_instance_assignment -name VIRTUAL_PIN ON -to probe_data_o[*]
set_instance_assignment -name VIRTUAL_PIN ON -to af_o[*]
set_instance_assignment -name VIRTUAL_PIN ON -to mf_o[*]
set_instance_assignment -name VIRTUAL_PIN ON -to mr_o[*]
set_instance_assignment -name VIRTUAL_PIN ON -to astat_o[*]
set_instance_assignment -name VIRTUAL_PIN ON -to mstat_o[*]
set_instance_assignment -name VIRTUAL_PIN ON -to alternate_bank_o
set_instance_assignment -name VIRTUAL_PIN ON -to pm_data_access_o
set_instance_assignment -name VIRTUAL_PIN ON -to dm_access_o
