set_global_assignment -name FAMILY "Cyclone V"
set_global_assignment -name DEVICE 5CSEBA6U23I7
set_global_assignment -name TOP_LEVEL_ENTITY adsp2100_divide_sign_slice
set_global_assignment -name PROJECT_OUTPUT_DIRECTORY ../../build/quartus_divide_sign
set_global_assignment -name SYSTEMVERILOG_FILE ../../rtl/packages/adsp2100_register_pkg.sv
set_global_assignment -name SYSTEMVERILOG_FILE ../../rtl/core/adsp2100_divide_sign_decode.sv
set_global_assignment -name SYSTEMVERILOG_FILE ../../rtl/core/adsp2100_register_file.sv
set_global_assignment -name SYSTEMVERILOG_FILE ../../rtl/core/adsp2100_status_registers.sv
set_global_assignment -name SYSTEMVERILOG_FILE ../../rtl/core/adsp2100_divide_sign_slice.sv
set_global_assignment -name SDC_FILE divide_sign_smoke.sdc
set_global_assignment -name NUM_PARALLEL_PROCESSORS 4
set_global_assignment -name FITTER_EFFORT "STANDARD FIT"

set_location_assignment PIN_V11 -to clk_i
set_instance_assignment -name IO_STANDARD "3.3-V LVTTL" -to clk_i
set_instance_assignment -name VIRTUAL_PIN ON -to reset_i
set_instance_assignment -name VIRTUAL_PIN ON -to execute_i
set_instance_assignment -name VIRTUAL_PIN ON -to opcode_i[*]
set_instance_assignment -name VIRTUAL_PIN ON -to astat_setup_write_i
set_instance_assignment -name VIRTUAL_PIN ON -to astat_setup_data_i[*]
set_instance_assignment -name VIRTUAL_PIN ON -to mstat_setup_write_i
set_instance_assignment -name VIRTUAL_PIN ON -to mstat_setup_data_i[*]
set_instance_assignment -name VIRTUAL_PIN ON -to dreg_setup_write_i
set_instance_assignment -name VIRTUAL_PIN ON -to dreg_setup_code_i[*]
set_instance_assignment -name VIRTUAL_PIN ON -to dreg_setup_data_i[*]
set_instance_assignment -name VIRTUAL_PIN ON -to af_setup_write_i
set_instance_assignment -name VIRTUAL_PIN ON -to af_setup_data_i[*]

set_instance_assignment -name VIRTUAL_PIN ON -to class_valid_o
set_instance_assignment -name VIRTUAL_PIN ON -to action_valid_o
set_instance_assignment -name VIRTUAL_PIN ON -to unsupported_yop_o
set_instance_assignment -name VIRTUAL_PIN ON -to yop_o[*]
set_instance_assignment -name VIRTUAL_PIN ON -to xop_o[*]
set_instance_assignment -name VIRTUAL_PIN ON -to x_source_dreg_o[*]
set_instance_assignment -name VIRTUAL_PIN ON -to upper_source_dreg_o[*]
set_instance_assignment -name VIRTUAL_PIN ON -to upper_source_feedback_o
set_instance_assignment -name VIRTUAL_PIN ON -to boundary_valid_o
set_instance_assignment -name VIRTUAL_PIN ON -to invalid_opcode_o
set_instance_assignment -name VIRTUAL_PIN ON -to integration_conflict_o
set_instance_assignment -name VIRTUAL_PIN ON -to internal_conflict_o
set_instance_assignment -name VIRTUAL_PIN ON -to source_known_o
set_instance_assignment -name VIRTUAL_PIN ON -to result_known_o
set_instance_assignment -name VIRTUAL_PIN ON -to quotient_sign_o
set_instance_assignment -name VIRTUAL_PIN ON -to divisor_before_o[*]
set_instance_assignment -name VIRTUAL_PIN ON -to upper_before_o[*]
set_instance_assignment -name VIRTUAL_PIN ON -to ay0_before_o[*]
set_instance_assignment -name VIRTUAL_PIN ON -to af_result_o[*]
set_instance_assignment -name VIRTUAL_PIN ON -to ay0_result_o[*]
set_instance_assignment -name VIRTUAL_PIN ON -to af_write_o
set_instance_assignment -name VIRTUAL_PIN ON -to ay0_write_o
set_instance_assignment -name VIRTUAL_PIN ON -to aq_write_o
set_instance_assignment -name VIRTUAL_PIN ON -to af_o[*]
set_instance_assignment -name VIRTUAL_PIN ON -to af_valid_o
set_instance_assignment -name VIRTUAL_PIN ON -to ay0_o[*]
set_instance_assignment -name VIRTUAL_PIN ON -to ay0_valid_o
set_instance_assignment -name VIRTUAL_PIN ON -to astat_o[*]
set_instance_assignment -name VIRTUAL_PIN ON -to astat_valid_mask_o[*]
set_instance_assignment -name VIRTUAL_PIN ON -to mstat_o[*]
set_instance_assignment -name VIRTUAL_PIN ON -to alternate_bank_o
set_instance_assignment -name VIRTUAL_PIN ON -to pm_data_access_o
set_instance_assignment -name VIRTUAL_PIN ON -to dm_access_o

set_global_assignment -name LAST_QUARTUS_VERSION "17.0.2 Lite Edition"
set_global_assignment -name SEED 2
