set_global_assignment -name FAMILY "Cyclone V"
set_global_assignment -name DEVICE 5CSEBA6U23I7
set_global_assignment -name TOP_LEVEL_ENTITY adsp2100_linear_dm_wait_control_slice
set_global_assignment -name PROJECT_OUTPUT_DIRECTORY ../../build/quartus_linear_dm_wait_control
set_global_assignment -name SYSTEMVERILOG_FILE ../../rtl/packages/adsp2100_pkg.sv
set_global_assignment -name SYSTEMVERILOG_FILE ../../rtl/packages/adsp2100_register_pkg.sv
set_global_assignment -name SYSTEMVERILOG_FILE ../../rtl/core/adsp2100_load_dreg_immediate_decode.sv
set_global_assignment -name SYSTEMVERILOG_FILE ../../rtl/core/adsp2100_load_non_dreg_immediate_decode.sv
set_global_assignment -name SYSTEMVERILOG_FILE ../../rtl/core/adsp2100_mode_control_decode.sv
set_global_assignment -name SYSTEMVERILOG_FILE ../../rtl/core/adsp2100_internal_move_decode.sv
set_global_assignment -name SYSTEMVERILOG_FILE ../../rtl/core/adsp2100_register_file.sv
set_global_assignment -name SYSTEMVERILOG_FILE ../../rtl/core/adsp2100_dag_register_file.sv
set_global_assignment -name SYSTEMVERILOG_FILE ../../rtl/core/adsp2100_status_registers.sv
set_global_assignment -name SYSTEMVERILOG_FILE ../../rtl/core/adsp2100_counter.sv
set_global_assignment -name SYSTEMVERILOG_FILE ../../rtl/core/adsp2100_sequencer_stacks.sv
set_global_assignment -name SYSTEMVERILOG_FILE ../../rtl/core/adsp2100_status_stack.sv
set_global_assignment -name SYSTEMVERILOG_FILE ../../rtl/core/adsp2100_architectural_state.sv
set_global_assignment -name SYSTEMVERILOG_FILE ../../rtl/core/adsp2100_internal_move_slice.sv
set_global_assignment -name SYSTEMVERILOG_FILE ../../rtl/core/adsp2100_condition_logic.sv
set_global_assignment -name SYSTEMVERILOG_FILE ../../rtl/core/adsp2100_compute_move_decode.sv
set_global_assignment -name SYSTEMVERILOG_FILE ../../rtl/core/adsp2100_compute_move_action.sv
set_global_assignment -name SYSTEMVERILOG_FILE ../../rtl/core/adsp2100_compute_dm_decode.sv
set_global_assignment -name SYSTEMVERILOG_FILE ../../rtl/core/adsp2100_compute_dm_action.sv
set_global_assignment -name SYSTEMVERILOG_FILE ../../rtl/core/adsp2100_shifter_dm_decode.sv
set_global_assignment -name SYSTEMVERILOG_FILE ../../rtl/core/adsp2100_shifter_dm_action.sv
set_global_assignment -name SYSTEMVERILOG_FILE ../../rtl/core/adsp2100_conditional_compute_decode.sv
set_global_assignment -name SYSTEMVERILOG_FILE ../../rtl/core/adsp2100_divide_quotient_decode.sv
set_global_assignment -name SYSTEMVERILOG_FILE ../../rtl/core/adsp2100_divide_quotient_action.sv
set_global_assignment -name SYSTEMVERILOG_FILE ../../rtl/core/adsp2100_divide_sign_decode.sv
set_global_assignment -name SYSTEMVERILOG_FILE ../../rtl/core/adsp2100_divide_sign_action.sv
set_global_assignment -name SYSTEMVERILOG_FILE ../../rtl/core/adsp2100_modify_address_decode.sv
set_global_assignment -name SYSTEMVERILOG_FILE ../../rtl/core/adsp2100_dag.sv
set_global_assignment -name SYSTEMVERILOG_FILE ../../rtl/core/adsp2100_modify_address_action.sv
set_global_assignment -name SYSTEMVERILOG_FILE ../../rtl/core/adsp2100_stack_control_decode.sv
set_global_assignment -name SYSTEMVERILOG_FILE ../../rtl/core/adsp2100_direct_jump_decode.sv
set_global_assignment -name SYSTEMVERILOG_FILE ../../rtl/core/adsp2100_do_until_decode.sv
set_global_assignment -name SYSTEMVERILOG_FILE ../../rtl/core/adsp2100_indirect_jump_decode.sv
set_global_assignment -name SYSTEMVERILOG_FILE ../../rtl/core/adsp2100_conditional_return_decode.sv
set_global_assignment -name SYSTEMVERILOG_FILE ../../rtl/core/adsp2100_conditional_trap_decode.sv
set_global_assignment -name SYSTEMVERILOG_FILE ../../rtl/core/adsp2100_sequencer_flow.sv
set_global_assignment -name SYSTEMVERILOG_FILE ../../rtl/core/adsp2100_alu.sv
set_global_assignment -name SYSTEMVERILOG_FILE ../../rtl/core/adsp2100_mr_saturation_decode.sv
set_global_assignment -name SYSTEMVERILOG_FILE ../../rtl/core/adsp2100_mr_saturate.sv
set_global_assignment -name SYSTEMVERILOG_FILE ../../rtl/core/adsp2100_mr_saturation_action.sv
set_global_assignment -name SYSTEMVERILOG_FILE ../../rtl/core/adsp2100_mac.sv
set_global_assignment -name SYSTEMVERILOG_FILE ../../rtl/core/adsp2100_conditional_compute_action.sv
set_global_assignment -name SYSTEMVERILOG_FILE ../../rtl/core/adsp2100_immediate_shift_decode.sv
set_global_assignment -name SYSTEMVERILOG_FILE ../../rtl/core/adsp2100_conditional_shift_decode.sv
set_global_assignment -name SYSTEMVERILOG_FILE ../../rtl/core/adsp2100_shift_move_decode.sv
set_global_assignment -name SYSTEMVERILOG_FILE ../../rtl/core/adsp2100_shifter.sv
set_global_assignment -name SYSTEMVERILOG_FILE ../../rtl/core/adsp2100_immediate_shift_action.sv
set_global_assignment -name SYSTEMVERILOG_FILE ../../rtl/core/adsp2100_conditional_shift_action.sv
set_global_assignment -name SYSTEMVERILOG_FILE ../../rtl/core/adsp2100_shift_move_action.sv
set_global_assignment -name SYSTEMVERILOG_FILE ../../rtl/core/adsp2100_program_bus.sv
set_global_assignment -name SYSTEMVERILOG_FILE ../../rtl/core/adsp2100_interrupt_control.sv
set_global_assignment -name SYSTEMVERILOG_FILE ../../rtl/core/adsp2100_dm_write_immediate_decode.sv
set_global_assignment -name SYSTEMVERILOG_FILE ../../rtl/core/adsp2100_direct_dm_decode.sv
set_global_assignment -name SYSTEMVERILOG_FILE ../../rtl/core/adsp2100_linear_fetch_client.sv
set_global_assignment -name SYSTEMVERILOG_FILE ../../rtl/core/adsp2100_linear_core_slice.sv
set_global_assignment -name SYSTEMVERILOG_FILE ../../rtl/core/adsp2100_data_bus.sv
set_global_assignment -name SYSTEMVERILOG_FILE ../../rtl/core/adsp2100_data_owner_bus.sv
set_global_assignment -name SYSTEMVERILOG_FILE ../../rtl/core/adsp2100_bus_control.sv
set_global_assignment -name SYSTEMVERILOG_FILE ../../rtl/core/adsp2100_halt_control.sv
set_global_assignment -name SYSTEMVERILOG_FILE ../../rtl/wrappers/adsp2100_reset_bus_grant.sv
set_global_assignment -name SYSTEMVERILOG_FILE ../../rtl/core/adsp2100_linear_dm_wait_control_slice.sv
set_global_assignment -name SDC_FILE linear_dm_wait_control_smoke.sdc
set_global_assignment -name NUM_PARALLEL_PROCESSORS 4
set_global_assignment -name FITTER_EFFORT "STANDARD FIT"
set_global_assignment -name SEED 7

set_location_assignment PIN_V11 -to clk_i
set_instance_assignment -name IO_STANDARD "3.3-V LVTTL" -to clk_i
set_instance_assignment -name VIRTUAL_PIN ON -to reset_i
set_instance_assignment -name VIRTUAL_PIN ON -to phase_i[*]
set_instance_assignment -name VIRTUAL_PIN ON -to phase_advance_i
set_instance_assignment -name VIRTUAL_PIN ON -to br_n_i
set_instance_assignment -name VIRTUAL_PIN ON -to irq_n_i[*]
set_instance_assignment -name VIRTUAL_PIN ON -to instruction_setup_i
set_instance_assignment -name VIRTUAL_PIN ON -to instruction_setup_pc_i[*]
set_instance_assignment -name VIRTUAL_PIN ON -to instruction_setup_opcode_i[*]
set_instance_assignment -name VIRTUAL_PIN ON -to dm_request_valid_i
set_instance_assignment -name VIRTUAL_PIN ON -to dm_request_address_i[*]
set_instance_assignment -name VIRTUAL_PIN ON -to dm_request_address_valid_i
set_instance_assignment -name VIRTUAL_PIN ON -to dm_request_write_i
set_instance_assignment -name VIRTUAL_PIN ON -to dm_request_write_data_i[*]
set_instance_assignment -name VIRTUAL_PIN ON -to dm_request_write_data_valid_i
set_instance_assignment -name VIRTUAL_PIN ON -to dm_ack_i
set_instance_assignment -name VIRTUAL_PIN ON -to dmd_read_data_i[*]
set_instance_assignment -name VIRTUAL_PIN ON -to dmd_read_data_valid_i
set_instance_assignment -name VIRTUAL_PIN ON -to pmd_read_data_i[*]
set_instance_assignment -name VIRTUAL_PIN ON -to pmd_read_data_valid_i
set_instance_assignment -name VIRTUAL_PIN ON -to probe_code_i[*]
set_instance_assignment -name VIRTUAL_PIN ON -to "*_o"

set_global_assignment -name LAST_QUARTUS_VERSION "17.0.2 Lite Edition"
